// !$*UTF8*$!
{
	archiveVersion = 1;
	classes = {
	};
	objectVersion = 46;
	objects = {

/* Begin PBXBuildFile section */
		83285C9E1EF49FE300897453 /* ButtonViewBuilder.swift in Sources */ = {isa = PBXBuildFile; fileRef = 83285C9D1EF49FE300897453 /* ButtonViewBuilder.swift */; };
		832EEA6B1EF811FD001AA00E /* EighthNoteImg.png in Resources */ = {isa = PBXBuildFile; fileRef = 832EEA6A1EF811FD001AA00E /* EighthNoteImg.png */; };
		834A51681F01EE4400177D9D /* Enums.swift in Sources */ = {isa = PBXBuildFile; fileRef = 834A51671F01EE4400177D9D /* Enums.swift */; };
		834A516A1F02A96F00177D9D /* VectorHelp.swift in Sources */ = {isa = PBXBuildFile; fileRef = 834A51691F02A96F00177D9D /* VectorHelp.swift */; };
		834A516C1F02AA9C00177D9D /* ImageSizingHandler.swift in Sources */ = {isa = PBXBuildFile; fileRef = 834A516B1F02AA9C00177D9D /* ImageSizingHandler.swift */; };
		834A516E1F02AAB700177D9D /* TouchManagement.swift in Sources */ = {isa = PBXBuildFile; fileRef = 834A516D1F02AAB700177D9D /* TouchManagement.swift */; };
		836D8A4A1EF1E6D7003BC9DC /* AppDelegate.swift in Sources */ = {isa = PBXBuildFile; fileRef = 836D8A491EF1E6D7003BC9DC /* AppDelegate.swift */; };
		836D8A4C1EF1E6D7003BC9DC /* ViewController.swift in Sources */ = {isa = PBXBuildFile; fileRef = 836D8A4B1EF1E6D7003BC9DC /* ViewController.swift */; };
		836D8A4F1EF1E6D7003BC9DC /* Main.storyboard in Resources */ = {isa = PBXBuildFile; fileRef = 836D8A4D1EF1E6D7003BC9DC /* Main.storyboard */; };
		836D8A511EF1E6D7003BC9DC /* Assets.xcassets in Resources */ = {isa = PBXBuildFile; fileRef = 836D8A501EF1E6D7003BC9DC /* Assets.xcassets */; };
		836D8A541EF1E6D7003BC9DC /* LaunchScreen.storyboard in Resources */ = {isa = PBXBuildFile; fileRef = 836D8A521EF1E6D7003BC9DC /* LaunchScreen.storyboard */; };
		836D8A5C1EF1E763003BC9DC /* ButtonWheel.swift in Sources */ = {isa = PBXBuildFile; fileRef = 836D8A5B1EF1E763003BC9DC /* ButtonWheel.swift */; };
		836D8A5E1EF251B0003BC9DC /* UsefulExtensions.swift in Sources */ = {isa = PBXBuildFile; fileRef = 836D8A5D1EF251B0003BC9DC /* UsefulExtensions.swift */; };
/* End PBXBuildFile section */

/* Begin PBXFileReference section */
		83285C9D1EF49FE300897453 /* ButtonViewBuilder.swift */ = {isa = PBXFileReference; fileEncoding = 4; lastKnownFileType = sourcecode.swift; path = ButtonViewBuilder.swift; sourceTree = "<group>"; };
		832EEA6A1EF811FD001AA00E /* EighthNoteImg.png */ = {isa = PBXFileReference; lastKnownFileType = image.png; path = EighthNoteImg.png; sourceTree = "<group>"; };
		834A51671F01EE4400177D9D /* Enums.swift */ = {isa = PBXFileReference; fileEncoding = 4; lastKnownFileType = sourcecode.swift; path = Enums.swift; sourceTree = "<group>"; };
		834A51691F02A96F00177D9D /* VectorHelp.swift */ = {isa = PBXFileReference; fileEncoding = 4; lastKnownFileType = sourcecode.swift; path = VectorHelp.swift; sourceTree = "<group>"; };
		834A516B1F02AA9C00177D9D /* ImageSizingHandler.swift */ = {isa = PBXFileReference; fileEncoding = 4; lastKnownFileType = sourcecode.swift; name = ImageSizingHandler.swift; path = ../ImageSizingHandler.swift; sourceTree = "<group>"; };
		834A516D1F02AAB700177D9D /* TouchManagement.swift */ = {isa = PBXFileReference; fileEncoding = 4; lastKnownFileType = sourcecode.swift; path = TouchManagement.swift; sourceTree = "<group>"; };
		836D8A461EF1E6D7003BC9DC /* ButtonWheel.app */ = {isa = PBXFileReference; explicitFileType = wrapper.application; includeInIndex = 0; path = ButtonWheel.app; sourceTree = BUILT_PRODUCTS_DIR; };
		836D8A491EF1E6D7003BC9DC /* AppDelegate.swift */ = {isa = PBXFileReference; lastKnownFileType = sourcecode.swift; path = AppDelegate.swift; sourceTree = "<group>"; };
		836D8A4B1EF1E6D7003BC9DC /* ViewController.swift */ = {isa = PBXFileReference; lastKnownFileType = sourcecode.swift; path = ViewController.swift; sourceTree = "<group>"; };
		836D8A4E1EF1E6D7003BC9DC /* Base */ = {isa = PBXFileReference; lastKnownFileType = file.storyboard; name = Base; path = Base.lproj/Main.storyboard; sourceTree = "<group>"; };
		836D8A501EF1E6D7003BC9DC /* Assets.xcassets */ = {isa = PBXFileReference; lastKnownFileType = folder.assetcatalog; path = Assets.xcassets; sourceTree = "<group>"; };
		836D8A531EF1E6D7003BC9DC /* Base */ = {isa = PBXFileReference; lastKnownFileType = file.storyboard; name = Base; path = Base.lproj/LaunchScreen.storyboard; sourceTree = "<group>"; };
		836D8A551EF1E6D7003BC9DC /* Info.plist */ = {isa = PBXFileReference; lastKnownFileType = text.plist.xml; path = Info.plist; sourceTree = "<group>"; };
		836D8A5B1EF1E763003BC9DC /* ButtonWheel.swift */ = {isa = PBXFileReference; fileEncoding = 4; lastKnownFileType = sourcecode.swift; path = ButtonWheel.swift; sourceTree = "<group>"; };
		836D8A5D1EF251B0003BC9DC /* UsefulExtensions.swift */ = {isa = PBXFileReference; fileEncoding = 4; lastKnownFileType = sourcecode.swift; name = UsefulExtensions.swift; path = ../UsefulExtensions.swift; sourceTree = "<group>"; };
/* End PBXFileReference section */

/* Begin PBXFrameworksBuildPhase section */
		836D8A431EF1E6D7003BC9DC /* Frameworks */ = {
			isa = PBXFrameworksBuildPhase;
			buildActionMask = 2147483647;
			files = (
			);
			runOnlyForDeploymentPostprocessing = 0;
		};
/* End PBXFrameworksBuildPhase section */

/* Begin PBXGroup section */
		834A516F1F02AAEF00177D9D /* Example App */ = {
			isa = PBXGroup;
			children = (
				836D8A491EF1E6D7003BC9DC /* AppDelegate.swift */,
				836D8A4B1EF1E6D7003BC9DC /* ViewController.swift */,
			);
			name = "Example App";
			sourceTree = "<group>";
		};
		834A51701F02AB0000177D9D /* Helpers */ = {
			isa = PBXGroup;
			children = (
				834A516B1F02AA9C00177D9D /* ImageSizingHandler.swift */,
				83285C9D1EF49FE300897453 /* ButtonViewBuilder.swift */,
				834A516D1F02AAB700177D9D /* TouchManagement.swift */,
				834A51691F02A96F00177D9D /* VectorHelp.swift */,
			);
			name = Helpers;
			sourceTree = "<group>";
		};
		834A51711F02AB2000177D9D /* Extensions and Enums */ = {
			isa = PBXGroup;
			children = (
				836D8A5D1EF251B0003BC9DC /* UsefulExtensions.swift */,
				834A51671F01EE4400177D9D /* Enums.swift */,
			);
			name = "Extensions and Enums";
			sourceTree = "<group>";
		};
		836D8A3D1EF1E6D7003BC9DC = {
			isa = PBXGroup;
			children = (
				836D8A481EF1E6D7003BC9DC /* ButtonWheel */,
				836D8A471EF1E6D7003BC9DC /* Products */,
			);
			sourceTree = "<group>";
		};
		836D8A471EF1E6D7003BC9DC /* Products */ = {
			isa = PBXGroup;
			children = (
				836D8A461EF1E6D7003BC9DC /* ButtonWheel.app */,
			);
			name = Products;
			sourceTree = "<group>";
		};
		836D8A481EF1E6D7003BC9DC /* ButtonWheel */ = {
			isa = PBXGroup;
			children = (
				836D8A5B1EF1E763003BC9DC /* ButtonWheel.swift */,
				834A51711F02AB2000177D9D /* Extensions and Enums */,
				834A51701F02AB0000177D9D /* Helpers */,
				834A516F1F02AAEF00177D9D /* Example App */,
				836D8A4D1EF1E6D7003BC9DC /* Main.storyboard */,
				832EEA6A1EF811FD001AA00E /* EighthNoteImg.png */,
				836D8A501EF1E6D7003BC9DC /* Assets.xcassets */,
				836D8A521EF1E6D7003BC9DC /* LaunchScreen.storyboard */,
				836D8A551EF1E6D7003BC9DC /* Info.plist */,
			);
			path = ButtonWheel;
			sourceTree = "<group>";
		};
/* End PBXGroup section */

/* Begin PBXNativeTarget section */
		836D8A451EF1E6D7003BC9DC /* ButtonWheel */ = {
			isa = PBXNativeTarget;
			buildConfigurationList = 836D8A581EF1E6D7003BC9DC /* Build configuration list for PBXNativeTarget "ButtonWheel" */;
			buildPhases = (
				836D8A421EF1E6D7003BC9DC /* Sources */,
				836D8A431EF1E6D7003BC9DC /* Frameworks */,
				836D8A441EF1E6D7003BC9DC /* Resources */,
			);
			buildRules = (
			);
			dependencies = (
			);
			name = ButtonWheel;
			productName = ButtonWheel;
			productReference = 836D8A461EF1E6D7003BC9DC /* ButtonWheel.app */;
			productType = "com.apple.product-type.application";
		};
/* End PBXNativeTarget section */

/* Begin PBXProject section */
		836D8A3E1EF1E6D7003BC9DC /* Project object */ = {
			isa = PBXProject;
			attributes = {
				LastSwiftUpdateCheck = 0830;
				LastUpgradeCheck = 0830;
				ORGANIZATIONNAME = "Kyle Somers";
				TargetAttributes = {
					836D8A451EF1E6D7003BC9DC = {
						CreatedOnToolsVersion = 8.3.2;
						DevelopmentTeam = Z9UKN24YH9;
						ProvisioningStyle = Automatic;
					};
				};
			};
			buildConfigurationList = 836D8A411EF1E6D7003BC9DC /* Build configuration list for PBXProject "ButtonWheel" */;
			compatibilityVersion = "Xcode 3.2";
			developmentRegion = English;
			hasScannedForEncodings = 0;
			knownRegions = (
				en,
				Base,
			);
			mainGroup = 836D8A3D1EF1E6D7003BC9DC;
			productRefGroup = 836D8A471EF1E6D7003BC9DC /* Products */;
			projectDirPath = "";
			projectRoot = "";
			targets = (
				836D8A451EF1E6D7003BC9DC /* ButtonWheel */,
			);
		};
/* End PBXProject section */

/* Begin PBXResourcesBuildPhase section */
		836D8A441EF1E6D7003BC9DC /* Resources */ = {
			isa = PBXResourcesBuildPhase;
			buildActionMask = 2147483647;
			files = (
				832EEA6B1EF811FD001AA00E /* EighthNoteImg.png in Resources */,
				836D8A541EF1E6D7003BC9DC /* LaunchScreen.storyboard in Resources */,
				836D8A511EF1E6D7003BC9DC /* Assets.xcassets in Resources */,
				836D8A4F1EF1E6D7003BC9DC /* Main.storyboard in Resources */,
			);
			runOnlyForDeploymentPostprocessing = 0;
		};
/* End PBXResourcesBuildPhase section */

/* Begin PBXSourcesBuildPhase section */
		836D8A421EF1E6D7003BC9DC /* Sources */ = {
			isa = PBXSourcesBuildPhase;
			buildActionMask = 2147483647;
			files = (
				83285C9E1EF49FE300897453 /* ButtonViewBuilder.swift in Sources */,
				836D8A5C1EF1E763003BC9DC /* ButtonWheel.swift in Sources */,
				836D8A5E1EF251B0003BC9DC /* UsefulExtensions.swift in Sources */,
				836D8A4C1EF1E6D7003BC9DC /* ViewController.swift in Sources */,
				834A51681F01EE4400177D9D /* Enums.swift in Sources */,
				834A516E1F02AAB700177D9D /* TouchManagement.swift in Sources */,
				834A516C1F02AA9C00177D9D /* ImageSizingHandler.swift in Sources */,
				836D8A4A1EF1E6D7003BC9DC /* AppDelegate.swift in Sources */,
				834A516A1F02A96F00177D9D /* VectorHelp.swift in Sources */,
			);
			runOnlyForDeploymentPostprocessing = 0;
		};
/* End PBXSourcesBuildPhase section */

/* Begin PBXVariantGroup section */
		836D8A4D1EF1E6D7003BC9DC /* Main.storyboard */ = {
			isa = PBXVariantGroup;
			children = (
				836D8A4E1EF1E6D7003BC9DC /* Base */,
			);
			name = Main.storyboard;
			sourceTree = "<group>";
		};
		836D8A521EF1E6D7003BC9DC /* LaunchScreen.storyboard */ = {
			isa = PBXVariantGroup;
			children = (
				836D8A531EF1E6D7003BC9DC /* Base */,
			);
			name = LaunchScreen.storyboard;
			sourceTree = "<group>";
		};
/* End PBXVariantGroup section */

/* Begin XCBuildConfiguration section */
		836D8A561EF1E6D7003BC9DC /* Debug */ = {
			isa = XCBuildConfiguration;
			buildSettings = {
				ALWAYS_SEARCH_USER_PATHS = NO;
				CLANG_ANALYZER_NONNULL = YES;
				CLANG_ANALYZER_NUMBER_OBJECT_CONVERSION = YES_AGGRESSIVE;
				CLANG_CXX_LANGUAGE_STANDARD = "gnu++0x";
				CLANG_CXX_LIBRARY = "libc++";
				CLANG_ENABLE_MODULES = YES;
				CLANG_ENABLE_OBJC_ARC = YES;
				CLANG_WARN_BOOL_CONVERSION = YES;
				CLANG_WARN_CONSTANT_CONVERSION = YES;
				CLANG_WARN_DIRECT_OBJC_ISA_USAGE = YES_ERROR;
				CLANG_WARN_DOCUMENTATION_COMMENTS = YES;
				CLANG_WARN_EMPTY_BODY = YES;
				CLANG_WARN_ENUM_CONVERSION = YES;
				CLANG_WARN_INFINITE_RECURSION = YES;
				CLANG_WARN_INT_CONVERSION = YES;
				CLANG_WARN_OBJC_ROOT_CLASS = YES_ERROR;
				CLANG_WARN_SUSPICIOUS_MOVE = YES;
				CLANG_WARN_UNREACHABLE_CODE = YES;
				CLANG_WARN__DUPLICATE_METHOD_MATCH = YES;
				"CODE_SIGN_IDENTITY[sdk=iphoneos*]" = "iPhone Developer";
				COPY_PHASE_STRIP = NO;
				DEBUG_INFORMATION_FORMAT = dwarf;
				ENABLE_STRICT_OBJC_MSGSEND = YES;
				ENABLE_TESTABILITY = YES;
				GCC_C_LANGUAGE_STANDARD = gnu99;
				GCC_DYNAMIC_NO_PIC = NO;
				GCC_NO_COMMON_BLOCKS = YES;
				GCC_OPTIMIZATION_LEVEL = 0;
				GCC_PREPROCESSOR_DEFINITIONS = (
					"DEBUG=1",
					"$(inherited)",
				);
				GCC_WARN_64_TO_32_BIT_CONVERSION = YES;
				GCC_WARN_ABOUT_RETURN_TYPE = YES_ERROR;
				GCC_WARN_UNDECLARED_SELECTOR = YES;
				GCC_WARN_UNINITIALIZED_AUTOS = YES_AGGRESSIVE;
				GCC_WARN_UNUSED_FUNCTION = YES;
				GCC_WARN_UNUSED_VARIABLE = YES;
				IPHONEOS_DEPLOYMENT_TARGET = 10.3;
				MTL_ENABLE_DEBUG_INFO = YES;
				ONLY_ACTIVE_ARCH = YES;
				SDKROOT = iphoneos;
				SWIFT_ACTIVE_COMPILATION_CONDITIONS = DEBUG;
				SWIFT_OPTIMIZATION_LEVEL = "-Onone";
			};
			name = Debug;
		};
		836D8A571EF1E6D7003BC9DC /* Release */ = {
			isa = XCBuildConfiguration;
			buildSettings = {
				ALWAYS_SEARCH_USER_PATHS = NO;
				CLANG_ANALYZER_NONNULL = YES;
				CLANG_ANALYZER_NUMBER_OBJECT_CONVERSION = YES_AGGRESSIVE;
				CLANG_CXX_LANGUAGE_STANDARD = "gnu++0x";
				CLANG_CXX_LIBRARY = "libc++";
				CLANG_ENABLE_MODULES = YES;
				CLANG_ENABLE_OBJC_ARC = YES;
				CLANG_WARN_BOOL_CONVERSION = YES;
				CLANG_WARN_CONSTANT_CONVERSION = YES;
				CLANG_WARN_DIRECT_OBJC_ISA_USAGE = YES_ERROR;
				CLANG_WARN_DOCUMENTATION_COMMENTS = YES;
				CLANG_WARN_EMPTY_BODY = YES;
				CLANG_WARN_ENUM_CONVERSION = YES;
				CLANG_WARN_INFINITE_RECURSION = YES;
				CLANG_WARN_INT_CONVERSION = YES;
				CLANG_WARN_OBJC_ROOT_CLASS = YES_ERROR;
				CLANG_WARN_SUSPICIOUS_MOVE = YES;
				CLANG_WARN_UNREACHABLE_CODE = YES;
				CLANG_WARN__DUPLICATE_METHOD_MATCH = YES;
				"CODE_SIGN_IDENTITY[sdk=iphoneos*]" = "iPhone Developer";
				COPY_PHASE_STRIP = NO;
				DEBUG_INFORMATION_FORMAT = "dwarf-with-dsym";
				ENABLE_NS_ASSERTIONS = NO;
				ENABLE_STRICT_OBJC_MSGSEND = YES;
				GCC_C_LANGUAGE_STANDARD = gnu99;
				GCC_NO_COMMON_BLOCKS = YES;
				GCC_WARN_64_TO_32_BIT_CONVERSION = YES;
				GCC_WARN_ABOUT_RETURN_TYPE = YES_ERROR;
				GCC_WARN_UNDECLARED_SELECTOR = YES;
				GCC_WARN_UNINITIALIZED_AUTOS = YES_AGGRESSIVE;
				GCC_WARN_UNUSED_FUNCTION = YES;
				GCC_WARN_UNUSED_VARIABLE = YES;
				IPHONEOS_DEPLOYMENT_TARGET = 10.3;
				MTL_ENABLE_DEBUG_INFO = NO;
				SDKROOT = iphoneos;
				SWIFT_OPTIMIZATION_LEVEL = "-Owholemodule";
				VALIDATE_PRODUCT = YES;
			};
			name = Release;
		};
		836D8A591EF1E6D7003BC9DC /* Debug */ = {
			isa = XCBuildConfiguration;
			buildSettings = {
				ASSETCATALOG_COMPILER_APPICON_NAME = AppIcon;
				DEVELOPMENT_TEAM = Z9UKN24YH9;
				INFOPLIST_FILE = ButtonWheel/Info.plist;
				LD_RUNPATH_SEARCH_PATHS = "$(inherited) @executable_path/Frameworks";
				PRODUCT_BUNDLE_IDENTIFIER = Idunno.ButtonWheel;
				PRODUCT_NAME = "$(TARGET_NAME)";
				SWIFT_VERSION = 3.0;
			};
			name = Debug;
		};
		836D8A5A1EF1E6D7003BC9DC /* Release */ = {
			isa = XCBuildConfiguration;
			buildSettings = {
				ASSETCATALOG_COMPILER_APPICON_NAME = AppIcon;
				DEVELOPMENT_TEAM = Z9UKN24YH9;
				INFOPLIST_FILE = ButtonWheel/Info.plist;
				LD_RUNPATH_SEARCH_PATHS = "$(inherited) @executable_path/Frameworks";
				PRODUCT_BUNDLE_IDENTIFIER = Idunno.ButtonWheel;
				PRODUCT_NAME = "$(TARGET_NAME)";
				SWIFT_VERSION = 3.0;
			};
			name = Release;
		};
/* End XCBuildConfiguration section */

/* Begin XCConfigurationList section */
		836D8A411EF1E6D7003BC9DC /* Build configuration list for PBXProject "ButtonWheel" */ = {
			isa = XCConfigurationList;
			buildConfigurations = (
				836D8A561EF1E6D7003BC9DC /* Debug */,
				836D8A571EF1E6D7003BC9DC /* Release */,
			);
			defaultConfigurationIsVisible = 0;
			defaultConfigurationName = Release;
		};
		836D8A581EF1E6D7003BC9DC /* Build configuration list for PBXNativeTarget "ButtonWheel" */ = {
			isa = XCConfigurationList;
			buildConfigurations = (
				836D8A591EF1E6D7003BC9DC /* Debug */,
				836D8A5A1EF1E6D7003BC9DC /* Release */,
			);
			defaultConfigurationIsVisible = 0;
			defaultConfigurationName = Release;
		};
/* End XCConfigurationList section */
	};
	rootObject = 836D8A3E1EF1E6D7003BC9DC /* Project object */;
}
